// !$*UTF8*$!
{
	archiveVersion = 1;
	classes = {
	};
	objectVersion = 55;
	objects = {

/* Begin PBXBuildFile section */
		98858A092843ACC3007E471B /* AppDelegate.swift in Sources */ = {isa = PBXBuildFile; fileRef = 98858A082843ACC3007E471B /* AppDelegate.swift */; };
		98858A0B2843ACC3007E471B /* SceneDelegate.swift in Sources */ = {isa = PBXBuildFile; fileRef = 98858A0A2843ACC3007E471B /* SceneDelegate.swift */; };
		98858A0D2843ACC3007E471B /* ViewController.swift in Sources */ = {isa = PBXBuildFile; fileRef = 98858A0C2843ACC3007E471B /* ViewController.swift */; };
		98858A102843ACC3007E471B /* Main.storyboard in Resources */ = {isa = PBXBuildFile; fileRef = 98858A0E2843ACC3007E471B /* Main.storyboard */; };
		98858A122843ACC4007E471B /* Assets.xcassets in Resources */ = {isa = PBXBuildFile; fileRef = 98858A112843ACC4007E471B /* Assets.xcassets */; };
		98858A152843ACC4007E471B /* LaunchScreen.storyboard in Resources */ = {isa = PBXBuildFile; fileRef = 98858A132843ACC4007E471B /* LaunchScreen.storyboard */; };
		98D63C1C284B5C84004A2F60 /* ImageView Extension.swift in Sources */ = {isa = PBXBuildFile; fileRef = 98D63C1B284B5C84004A2F60 /* ImageView Extension.swift */; };
		98E6156F284B58D200A5DFFB /* DataModel.swift in Sources */ = {isa = PBXBuildFile; fileRef = 98E6156E284B58D200A5DFFB /* DataModel.swift */; };
		98E61571284B591D00A5DFFB /* TextTableViewCell.swift in Sources */ = {isa = PBXBuildFile; fileRef = 98E61570284B591D00A5DFFB /* TextTableViewCell.swift */; };
		98E61573284B593A00A5DFFB /* ImageTableViewCell.swift in Sources */ = {isa = PBXBuildFile; fileRef = 98E61572284B593A00A5DFFB /* ImageTableViewCell.swift */; };
		98E61575284B594300A5DFFB /* SelectorTableViewCell.swift in Sources */ = {isa = PBXBuildFile; fileRef = 98E61574284B594300A5DFFB /* SelectorTableViewCell.swift */; };
		BF6AF2300332DB3F961F49C5 /* Pods_TestTask.framework in Frameworks */ = {isa = PBXBuildFile; fileRef = ED6BE7E594AE2536753B7CE3 /* Pods_TestTask.framework */; };
/* End PBXBuildFile section */

/* Begin PBXFileReference section */
		0FA1DE5EBAA56D93868368A6 /* Pods-TestTask.release.xcconfig */ = {isa = PBXFileReference; includeInIndex = 1; lastKnownFileType = text.xcconfig; name = "Pods-TestTask.release.xcconfig"; path = "Target Support Files/Pods-TestTask/Pods-TestTask.release.xcconfig"; sourceTree = "<group>"; };
		3FF831DE5657A4FECF240551 /* Pods-TestTask.debug.xcconfig */ = {isa = PBXFileReference; includeInIndex = 1; lastKnownFileType = text.xcconfig; name = "Pods-TestTask.debug.xcconfig"; path = "Target Support Files/Pods-TestTask/Pods-TestTask.debug.xcconfig"; sourceTree = "<group>"; };
		98858A052843ACC3007E471B /* TestTask.app */ = {isa = PBXFileReference; explicitFileType = wrapper.application; includeInIndex = 0; path = TestTask.app; sourceTree = BUILT_PRODUCTS_DIR; };
		98858A082843ACC3007E471B /* AppDelegate.swift */ = {isa = PBXFileReference; lastKnownFileType = sourcecode.swift; path = AppDelegate.swift; sourceTree = "<group>"; };
		98858A0A2843ACC3007E471B /* SceneDelegate.swift */ = {isa = PBXFileReference; lastKnownFileType = sourcecode.swift; path = SceneDelegate.swift; sourceTree = "<group>"; };
		98858A0C2843ACC3007E471B /* ViewController.swift */ = {isa = PBXFileReference; lastKnownFileType = sourcecode.swift; path = ViewController.swift; sourceTree = "<group>"; };
		98858A0F2843ACC3007E471B /* Base */ = {isa = PBXFileReference; lastKnownFileType = file.storyboard; name = Base; path = Base.lproj/Main.storyboard; sourceTree = "<group>"; };
		98858A112843ACC4007E471B /* Assets.xcassets */ = {isa = PBXFileReference; lastKnownFileType = folder.assetcatalog; path = Assets.xcassets; sourceTree = "<group>"; };
		98858A142843ACC4007E471B /* Base */ = {isa = PBXFileReference; lastKnownFileType = file.storyboard; name = Base; path = Base.lproj/LaunchScreen.storyboard; sourceTree = "<group>"; };
		98858A162843ACC4007E471B /* Info.plist */ = {isa = PBXFileReference; lastKnownFileType = text.plist.xml; path = Info.plist; sourceTree = "<group>"; };
		98D63C1B284B5C84004A2F60 /* ImageView Extension.swift */ = {isa = PBXFileReference; lastKnownFileType = sourcecode.swift; path = "ImageView Extension.swift"; sourceTree = "<group>"; };
		98E6156E284B58D200A5DFFB /* DataModel.swift */ = {isa = PBXFileReference; lastKnownFileType = sourcecode.swift; path = DataModel.swift; sourceTree = "<group>"; };
		98E61570284B591D00A5DFFB /* TextTableViewCell.swift */ = {isa = PBXFileReference; lastKnownFileType = sourcecode.swift; path = TextTableViewCell.swift; sourceTree = "<group>"; };
		98E61572284B593A00A5DFFB /* ImageTableViewCell.swift */ = {isa = PBXFileReference; lastKnownFileType = sourcecode.swift; path = ImageTableViewCell.swift; sourceTree = "<group>"; };
		98E61574284B594300A5DFFB /* SelectorTableViewCell.swift */ = {isa = PBXFileReference; lastKnownFileType = sourcecode.swift; path = SelectorTableViewCell.swift; sourceTree = "<group>"; };
		ED6BE7E594AE2536753B7CE3 /* Pods_TestTask.framework */ = {isa = PBXFileReference; explicitFileType = wrapper.framework; includeInIndex = 0; path = Pods_TestTask.framework; sourceTree = BUILT_PRODUCTS_DIR; };
/* End PBXFileReference section */

/* Begin PBXFrameworksBuildPhase section */
		98858A022843ACC3007E471B /* Frameworks */ = {
			isa = PBXFrameworksBuildPhase;
			buildActionMask = 2147483647;
			files = (
				BF6AF2300332DB3F961F49C5 /* Pods_TestTask.framework in Frameworks */,
			);
			runOnlyForDeploymentPostprocessing = 0;
		};
/* End PBXFrameworksBuildPhase section */

/* Begin PBXGroup section */
		988589FC2843ACC3007E471B = {
			isa = PBXGroup;
			children = (
				98858A072843ACC3007E471B /* TestTask */,
				98858A062843ACC3007E471B /* Products */,
				A8FC1D1E94FA66F2514486CF /* Pods */,
				BE5F46DB961B7CF7EA4512A4 /* Frameworks */,
			);
			sourceTree = "<group>";
		};
		98858A062843ACC3007E471B /* Products */ = {
			isa = PBXGroup;
			children = (
				98858A052843ACC3007E471B /* TestTask.app */,
			);
			name = Products;
			sourceTree = "<group>";
		};
		98858A072843ACC3007E471B /* TestTask */ = {
			isa = PBXGroup;
			children = (
				98858A082843ACC3007E471B /* AppDelegate.swift */,
				98858A0A2843ACC3007E471B /* SceneDelegate.swift */,
				98D63C1B284B5C84004A2F60 /* ImageView Extension.swift */,
				98D63C1D284B7F6E004A2F60 /* Model */,
				98D63C1F284B7F93004A2F60 /* View */,
				98D63C1E284B7F88004A2F60 /* Controller */,
				98858A0E2843ACC3007E471B /* Main.storyboard */,
				98858A112843ACC4007E471B /* Assets.xcassets */,
				98858A132843ACC4007E471B /* LaunchScreen.storyboard */,
				98858A162843ACC4007E471B /* Info.plist */,
			);
			path = TestTask;
			sourceTree = "<group>";
		};
		98D63C1D284B7F6E004A2F60 /* Model */ = {
			isa = PBXGroup;
			children = (
				98E6156E284B58D200A5DFFB /* DataModel.swift */,
			);
			path = Model;
			sourceTree = "<group>";
		};
		98D63C1E284B7F88004A2F60 /* Controller */ = {
			isa = PBXGroup;
			children = (
				98858A0C2843ACC3007E471B /* ViewController.swift */,
			);
			path = Controller;
			sourceTree = "<group>";
		};
		98D63C1F284B7F93004A2F60 /* View */ = {
			isa = PBXGroup;
			children = (
				98E61576284B595800A5DFFB /* Cells */,
			);
			path = View;
			sourceTree = "<group>";
		};
		98E61576284B595800A5DFFB /* Cells */ = {
			isa = PBXGroup;
			children = (
				98E61570284B591D00A5DFFB /* TextTableViewCell.swift */,
				98E61572284B593A00A5DFFB /* ImageTableViewCell.swift */,
				98E61574284B594300A5DFFB /* SelectorTableViewCell.swift */,
			);
			path = Cells;
			sourceTree = "<group>";
		};
		A8FC1D1E94FA66F2514486CF /* Pods */ = {
			isa = PBXGroup;
			children = (
				3FF831DE5657A4FECF240551 /* Pods-TestTask.debug.xcconfig */,
				0FA1DE5EBAA56D93868368A6 /* Pods-TestTask.release.xcconfig */,
			);
			path = Pods;
			sourceTree = "<group>";
		};
		BE5F46DB961B7CF7EA4512A4 /* Frameworks */ = {
			isa = PBXGroup;
			children = (
				ED6BE7E594AE2536753B7CE3 /* Pods_TestTask.framework */,
			);
			name = Frameworks;
			sourceTree = "<group>";
		};
/* End PBXGroup section */

/* Begin PBXNativeTarget section */
		98858A042843ACC3007E471B /* TestTask */ = {
			isa = PBXNativeTarget;
			buildConfigurationList = 98858A192843ACC4007E471B /* Build configuration list for PBXNativeTarget "TestTask" */;
			buildPhases = (
				C17537C599AAAD2DC44FAA54 /* [CP] Check Pods Manifest.lock */,
				98858A012843ACC3007E471B /* Sources */,
				98858A022843ACC3007E471B /* Frameworks */,
				98858A032843ACC3007E471B /* Resources */,
				8969F194EC8D8DE575797D50 /* [CP] Embed Pods Frameworks */,
			);
			buildRules = (
			);
			dependencies = (
			);
			name = TestTask;
			productName = TestTask;
			productReference = 98858A052843ACC3007E471B /* TestTask.app */;
			productType = "com.apple.product-type.application";
		};
/* End PBXNativeTarget section */

/* Begin PBXProject section */
		988589FD2843ACC3007E471B /* Project object */ = {
			isa = PBXProject;
			attributes = {
				BuildIndependentTargetsInParallel = 1;
				LastSwiftUpdateCheck = 1340;
				LastUpgradeCheck = 1340;
				TargetAttributes = {
					98858A042843ACC3007E471B = {
						CreatedOnToolsVersion = 13.4;
					};
				};
			};
			buildConfigurationList = 98858A002843ACC3007E471B /* Build configuration list for PBXProject "TestTask" */;
			compatibilityVersion = "Xcode 13.0";
			developmentRegion = en;
			hasScannedForEncodings = 0;
			knownRegions = (
				en,
				Base,
			);
			mainGroup = 988589FC2843ACC3007E471B;
			productRefGroup = 98858A062843ACC3007E471B /* Products */;
			projectDirPath = "";
			projectRoot = "";
			targets = (
				98858A042843ACC3007E471B /* TestTask */,
			);
		};
/* End PBXProject section */

/* Begin PBXResourcesBuildPhase section */
		98858A032843ACC3007E471B /* Resources */ = {
			isa = PBXResourcesBuildPhase;
			buildActionMask = 2147483647;
			files = (
				98858A152843ACC4007E471B /* LaunchScreen.storyboard in Resources */,
				98858A122843ACC4007E471B /* Assets.xcassets in Resources */,
				98858A102843ACC3007E471B /* Main.storyboard in Resources */,
			);
			runOnlyForDeploymentPostprocessing = 0;
		};
/* End PBXResourcesBuildPhase section */

/* Begin PBXShellScriptBuildPhase section */
		8969F194EC8D8DE575797D50 /* [CP] Embed Pods Frameworks */ = {
			isa = PBXShellScriptBuildPhase;
			buildActionMask = 2147483647;
			files = (
			);
			inputFileListPaths = (
				"${PODS_ROOT}/Target Support Files/Pods-TestTask/Pods-TestTask-frameworks-${CONFIGURATION}-input-files.xcfilelist",
			);
			name = "[CP] Embed Pods Frameworks";
			outputFileListPaths = (
				"${PODS_ROOT}/Target Support Files/Pods-TestTask/Pods-TestTask-frameworks-${CONFIGURATION}-output-files.xcfilelist",
			);
			runOnlyForDeploymentPostprocessing = 0;
			shellPath = /bin/sh;
			shellScript = "\"${PODS_ROOT}/Target Support Files/Pods-TestTask/Pods-TestTask-frameworks.sh\"\n";
			showEnvVarsInLog = 0;
		};
		C17537C599AAAD2DC44FAA54 /* [CP] Check Pods Manifest.lock */ = {
			isa = PBXShellScriptBuildPhase;
			buildActionMask = 2147483647;
			files = (
			);
			inputFileListPaths = (
			);
			inputPaths = (
				"${PODS_PODFILE_DIR_PATH}/Podfile.lock",
				"${PODS_ROOT}/Manifest.lock",
			);
			name = "[CP] Check Pods Manifest.lock";
			outputFileListPaths = (
			);
			outputPaths = (
				"$(DERIVED_FILE_DIR)/Pods-TestTask-checkManifestLockResult.txt",
			);
			runOnlyForDeploymentPostprocessing = 0;
			shellPath = /bin/sh;
			shellScript = "diff \"${PODS_PODFILE_DIR_PATH}/Podfile.lock\" \"${PODS_ROOT}/Manifest.lock\" > /dev/null\nif [ $? != 0 ] ; then\n    # print error to STDERR\n    echo \"error: The sandbox is not in sync with the Podfile.lock. Run 'pod install' or update your CocoaPods installation.\" >&2\n    exit 1\nfi\n# This output is used by Xcode 'outputs' to avoid re-running this script phase.\necho \"SUCCESS\" > \"${SCRIPT_OUTPUT_FILE_0}\"\n";
			showEnvVarsInLog = 0;
		};
/* End PBXShellScriptBuildPhase section */

/* Begin PBXSourcesBuildPhase section */
		98858A012843ACC3007E471B /* Sources */ = {
			isa = PBXSourcesBuildPhase;
			buildActionMask = 2147483647;
			files = (
				98858A0D2843ACC3007E471B /* ViewController.swift in Sources */,
				98858A092843ACC3007E471B /* AppDelegate.swift in Sources */,
				98858A0B2843ACC3007E471B /* SceneDelegate.swift in Sources */,
				98E61573284B593A00A5DFFB /* ImageTableViewCell.swift in Sources */,
				98E61575284B594300A5DFFB /* SelectorTableViewCell.swift in Sources */,
				98E6156F284B58D200A5DFFB /* DataModel.swift in Sources */,
				98E61571284B591D00A5DFFB /* TextTableViewCell.swift in Sources */,
				98D63C1C284B5C84004A2F60 /* ImageView Extension.swift in Sources */,
			);
			runOnlyForDeploymentPostprocessing = 0;
		};
/* End PBXSourcesBuildPhase section */

/* Begin PBXVariantGroup section */
		98858A0E2843ACC3007E471B /* Main.storyboard */ = {
			isa = PBXVariantGroup;
			children = (
				98858A0F2843ACC3007E471B /* Base */,
			);
			name = Main.storyboard;
			sourceTree = "<group>";
		};
		98858A132843ACC4007E471B /* LaunchScreen.storyboard */ = {
			isa = PBXVariantGroup;
			children = (
				98858A142843ACC4007E471B /* Base */,
			);
			name = LaunchScreen.storyboard;
			sourceTree = "<group>";
		};
/* End PBXVariantGroup section */

/* Begin XCBuildConfiguration section */
		98858A172843ACC4007E471B /* Debug */ = {
			isa = XCBuildConfiguration;
			buildSettings = {
				ALWAYS_SEARCH_USER_PATHS = NO;
				CLANG_ANALYZER_NONNULL = YES;
				CLANG_ANALYZER_NUMBER_OBJECT_CONVERSION = YES_AGGRESSIVE;
				CLANG_CXX_LANGUAGE_STANDARD = "gnu++17";
				CLANG_ENABLE_MODULES = YES;
				CLANG_ENABLE_OBJC_ARC = YES;
				CLANG_ENABLE_OBJC_WEAK = YES;
				CLANG_WARN_BLOCK_CAPTURE_AUTORELEASING = YES;
				CLANG_WARN_BOOL_CONVERSION = YES;
				CLANG_WARN_COMMA = YES;
				CLANG_WARN_CONSTANT_CONVERSION = YES;
				CLANG_WARN_DEPRECATED_OBJC_IMPLEMENTATIONS = YES;
				CLANG_WARN_DIRECT_OBJC_ISA_USAGE = YES_ERROR;
				CLANG_WARN_DOCUMENTATION_COMMENTS = YES;
				CLANG_WARN_EMPTY_BODY = YES;
				CLANG_WARN_ENUM_CONVERSION = YES;
				CLANG_WARN_INFINITE_RECURSION = YES;
				CLANG_WARN_INT_CONVERSION = YES;
				CLANG_WARN_NON_LITERAL_NULL_CONVERSION = YES;
				CLANG_WARN_OBJC_IMPLICIT_RETAIN_SELF = YES;
				CLANG_WARN_OBJC_LITERAL_CONVERSION = YES;
				CLANG_WARN_OBJC_ROOT_CLASS = YES_ERROR;
				CLANG_WARN_QUOTED_INCLUDE_IN_FRAMEWORK_HEADER = YES;
				CLANG_WARN_RANGE_LOOP_ANALYSIS = YES;
				CLANG_WARN_STRICT_PROTOTYPES = YES;
				CLANG_WARN_SUSPICIOUS_MOVE = YES;
				CLANG_WARN_UNGUARDED_AVAILABILITY = YES_AGGRESSIVE;
				CLANG_WARN_UNREACHABLE_CODE = YES;
				CLANG_WARN__DUPLICATE_METHOD_MATCH = YES;
				COPY_PHASE_STRIP = NO;
				DEBUG_INFORMATION_FORMAT = dwarf;
				ENABLE_STRICT_OBJC_MSGSEND = YES;
				ENABLE_TESTABILITY = YES;
				GCC_C_LANGUAGE_STANDARD = gnu11;
				GCC_DYNAMIC_NO_PIC = NO;
				GCC_NO_COMMON_BLOCKS = YES;
				GCC_OPTIMIZATION_LEVEL = 0;
				GCC_PREPROCESSOR_DEFINITIONS = (
					"DEBUG=1",
					"$(inherited)",
				);
				GCC_WARN_64_TO_32_BIT_CONVERSION = YES;
				GCC_WARN_ABOUT_RETURN_TYPE = YES_ERROR;
				GCC_WARN_UNDECLARED_SELECTOR = YES;
				GCC_WARN_UNINITIALIZED_AUTOS = YES_AGGRESSIVE;
				GCC_WARN_UNUSED_FUNCTION = YES;
				GCC_WARN_UNUSED_VARIABLE = YES;
				IPHONEOS_DEPLOYMENT_TARGET = 15.5;
				MTL_ENABLE_DEBUG_INFO = INCLUDE_SOURCE;
				MTL_FAST_MATH = YES;
				ONLY_ACTIVE_ARCH = YES;
				SDKROOT = iphoneos;
				SWIFT_ACTIVE_COMPILATION_CONDITIONS = DEBUG;
				SWIFT_OPTIMIZATION_LEVEL = "-Onone";
			};
			name = Debug;
		};
		98858A182843ACC4007E471B /* Release */ = {
			isa = XCBuildConfiguration;
			buildSettings = {
				ALWAYS_SEARCH_USER_PATHS = NO;
				CLANG_ANALYZER_NONNULL = YES;
				CLANG_ANALYZER_NUMBER_OBJECT_CONVERSION = YES_AGGRESSIVE;
				CLANG_CXX_LANGUAGE_STANDARD = "gnu++17";
				CLANG_ENABLE_MODULES = YES;
				CLANG_ENABLE_OBJC_ARC = YES;
				CLANG_ENABLE_OBJC_WEAK = YES;
				CLANG_WARN_BLOCK_CAPTURE_AUTORELEASING = YES;
				CLANG_WARN_BOOL_CONVERSION = YES;
				CLANG_WARN_COMMA = YES;
				CLANG_WARN_CONSTANT_CONVERSION = YES;
				CLANG_WARN_DEPRECATED_OBJC_IMPLEMENTATIONS = YES;
				CLANG_WARN_DIRECT_OBJC_ISA_USAGE = YES_ERROR;
				CLANG_WARN_DOCUMENTATION_COMMENTS = YES;
				CLANG_WARN_EMPTY_BODY = YES;
				CLANG_WARN_ENUM_CONVERSION = YES;
				CLANG_WARN_INFINITE_RECURSION = YES;
				CLANG_WARN_INT_CONVERSION = YES;
				CLANG_WARN_NON_LITERAL_NULL_CONVERSION = YES;
				CLANG_WARN_OBJC_IMPLICIT_RETAIN_SELF = YES;
				CLANG_WARN_OBJC_LITERAL_CONVERSION = YES;
				CLANG_WARN_OBJC_ROOT_CLASS = YES_ERROR;
				CLANG_WARN_QUOTED_INCLUDE_IN_FRAMEWORK_HEADER = YES;
				CLANG_WARN_RANGE_LOOP_ANALYSIS = YES;
				CLANG_WARN_STRICT_PROTOTYPES = YES;
				CLANG_WARN_SUSPICIOUS_MOVE = YES;
				CLANG_WARN_UNGUARDED_AVAILABILITY = YES_AGGRESSIVE;
				CLANG_WARN_UNREACHABLE_CODE = YES;
				CLANG_WARN__DUPLICATE_METHOD_MATCH = YES;
				COPY_PHASE_STRIP = NO;
				DEBUG_INFORMATION_FORMAT = "dwarf-with-dsym";
				ENABLE_NS_ASSERTIONS = NO;
				ENABLE_STRICT_OBJC_MSGSEND = YES;
				GCC_C_LANGUAGE_STANDARD = gnu11;
				GCC_NO_COMMON_BLOCKS = YES;
				GCC_WARN_64_TO_32_BIT_CONVERSION = YES;
				GCC_WARN_ABOUT_RETURN_TYPE = YES_ERROR;
				GCC_WARN_UNDECLARED_SELECTOR = YES;
				GCC_WARN_UNINITIALIZED_AUTOS = YES_AGGRESSIVE;
				GCC_WARN_UNUSED_FUNCTION = YES;
				GCC_WARN_UNUSED_VARIABLE = YES;
				IPHONEOS_DEPLOYMENT_TARGET = 15.5;
				MTL_ENABLE_DEBUG_INFO = NO;
				MTL_FAST_MATH = YES;
				SDKROOT = iphoneos;
				SWIFT_COMPILATION_MODE = wholemodule;
				SWIFT_OPTIMIZATION_LEVEL = "-O";
				VALIDATE_PRODUCT = YES;
			};
			name = Release;
		};
		98858A1A2843ACC4007E471B /* Debug */ = {
			isa = XCBuildConfiguration;
			baseConfigurationReference = 3FF831DE5657A4FECF240551 /* Pods-TestTask.debug.xcconfig */;
			buildSettings = {
				ASSETCATALOG_COMPILER_APPICON_NAME = AppIcon;
				ASSETCATALOG_COMPILER_GLOBAL_ACCENT_COLOR_NAME = AccentColor;
				CODE_SIGN_STYLE = Automatic;
				CURRENT_PROJECT_VERSION = 1;
				DEVELOPMENT_TEAM = CJB64PWWQJ;
				GENERATE_INFOPLIST_FILE = YES;
				INFOPLIST_FILE = TestTask/Info.plist;
				INFOPLIST_KEY_UIApplicationSupportsIndirectInputEvents = YES;
				INFOPLIST_KEY_UILaunchStoryboardName = LaunchScreen;
				INFOPLIST_KEY_UIMainStoryboardFile = Main;
				INFOPLIST_KEY_UISupportedInterfaceOrientations_iPad = "UIInterfaceOrientationPortrait UIInterfaceOrientationPortraitUpsideDown UIInterfaceOrientationLandscapeLeft UIInterfaceOrientationLandscapeRight";
				INFOPLIST_KEY_UISupportedInterfaceOrientations_iPhone = "UIInterfaceOrientationPortrait UIInterfaceOrientationLandscapeLeft UIInterfaceOrientationLandscapeRight";
				LD_RUNPATH_SEARCH_PATHS = (
					"$(inherited)",
					"@executable_path/Frameworks",
				);
				MARKETING_VERSION = 1.0;
				PRODUCT_BUNDLE_IDENTIFIER = "Matthew-Axenov-2000.TestTask";
				PRODUCT_NAME = "$(TARGET_NAME)";
				SWIFT_EMIT_LOC_STRINGS = YES;
				SWIFT_VERSION = 5.0;
				TARGETED_DEVICE_FAMILY = "1,2";
			};
			name = Debug;
		};
		98858A1B2843ACC4007E471B /* Release */ = {
			isa = XCBuildConfiguration;
			baseConfigurationReference = 0FA1DE5EBAA56D93868368A6 /* Pods-TestTask.release.xcconfig */;
			buildSettings = {
				ASSETCATALOG_COMPILER_APPICON_NAME = AppIcon;
				ASSETCATALOG_COMPILER_GLOBAL_ACCENT_COLOR_NAME = AccentColor;
				CODE_SIGN_STYLE = Automatic;
				CURRENT_PROJECT_VERSION = 1;
				DEVELOPMENT_TEAM = CJB64PWWQJ;
				GENERATE_INFOPLIST_FILE = YES;
				INFOPLIST_FILE = TestTask/Info.plist;
				INFOPLIST_KEY_UIApplicationSupportsIndirectInputEvents = YES;
				INFOPLIST_KEY_UILaunchStoryboardName = LaunchScreen;
				INFOPLIST_KEY_UIMainStoryboardFile = Main;
				INFOPLIST_KEY_UISupportedInterfaceOrientations_iPad = "UIInterfaceOrientationPortrait UIInterfaceOrientationPortraitUpsideDown UIInterfaceOrientationLandscapeLeft UIInterfaceOrientationLandscapeRight";
				INFOPLIST_KEY_UISupportedInterfaceOrientations_iPhone = "UIInterfaceOrientationPortrait UIInterfaceOrientationLandscapeLeft UIInterfaceOrientationLandscapeRight";
				LD_RUNPATH_SEARCH_PATHS = (
					"$(inherited)",
					"@executable_path/Frameworks",
				);
				MARKETING_VERSION = 1.0;
				PRODUCT_BUNDLE_IDENTIFIER = "Matthew-Axenov-2000.TestTask";
				PRODUCT_NAME = "$(TARGET_NAME)";
				SWIFT_EMIT_LOC_STRINGS = YES;
				SWIFT_VERSION = 5.0;
				TARGETED_DEVICE_FAMILY = "1,2";
			};
			name = Release;
		};
/* End XCBuildConfiguration section */

/* Begin XCConfigurationList section */
		98858A002843ACC3007E471B /* Build configuration list for PBXProject "TestTask" */ = {
			isa = XCConfigurationList;
			buildConfigurations = (
				98858A172843ACC4007E471B /* Debug */,
				98858A182843ACC4007E471B /* Release */,
			);
			defaultConfigurationIsVisible = 0;
			defaultConfigurationName = Release;
		};
		98858A192843ACC4007E471B /* Build configuration list for PBXNativeTarget "TestTask" */ = {
			isa = XCConfigurationList;
			buildConfigurations = (
				98858A1A2843ACC4007E471B /* Debug */,
				98858A1B2843ACC4007E471B /* Release */,
			);
			defaultConfigurationIsVisible = 0;
			defaultConfigurationName = Release;
		};
/* End XCConfigurationList section */
	};
	rootObject = 988589FD2843ACC3007E471B /* Project object */;
}
